version = 1
revision = 3
requires-python = ">=3.11"

[[package]]
name = "bone-math"
version = "0.1.0"
source = { virtual = "." }

[package.dev-dependencies]
dev = [
    { name = "fake-bpy-module" },
]

[package.metadata]

[package.metadata.requires-dev]
dev = [{ name = "fake-bpy-module", specifier = ">=20251003" }]

[[package]]
name = "fake-bpy-module"
version = "20251003"
source = { registry = "https://pypi.org/simple" }
sdist = { url = "https://files.pythonhosted.org/packages/3a/d7/8e34a795715d18497a257929ace8776a94d6c2c744e36b61e75567cbda64/fake_bpy_module-20251003.tar.gz", hash = "sha256:43d7fd082efc34497e238de3ad4d31fb850f2d1a8bb07418ae36eae56c1c7434", size = 973644, upload-time = "2025-10-03T06:19:57.638Z" }
wheels = [
    { url = "https://files.pythonhosted.org/packages/c6/24/d318f51ae1ebe953038984ed26fa0f9cd5466ef83da30c317282645695ec/fake_bpy_module-20251003-py3-none-any.whl", hash = "sha256:424f75fee6f300fc6d8e0d39abb28dbccd8777f611afa47ecdb9a03c00f2f43f", size = 1103011, upload-time = "2025-10-03T06:19:55.524Z" },
]
